// !$*UTF8*$!
{
	archiveVersion = 1;
	classes = {
	};
	objectVersion = 50;
	objects = {

/* Begin PBXBuildFile section */
		D13FB03A269AED8F007FF978 /* MapView.swift in Sources */ = {isa = PBXBuildFile; fileRef = D13FB039269AED8F007FF978 /* MapView.swift */; };
		D13FB03E269B3B6B007FF978 /* LocationViewModel.swift in Sources */ = {isa = PBXBuildFile; fileRef = D13FB03D269B3B6B007FF978 /* LocationViewModel.swift */; };
		D1677B322691D12D00D9E454 /* KeyboardObserver.swift in Sources */ = {isa = PBXBuildFile; fileRef = D1677B312691D12D00D9E454 /* KeyboardObserver.swift */; };
		D1677B342691F1FD00D9E454 /* StoreDetail.swift in Sources */ = {isa = PBXBuildFile; fileRef = D1677B332691F1FD00D9E454 /* StoreDetail.swift */; };
		D1677B362691F24000D9E454 /* StoreDetailContent.swift in Sources */ = {isa = PBXBuildFile; fileRef = D1677B352691F24000D9E454 /* StoreDetailContent.swift */; };
		D1677B382691F25100D9E454 /* StoreDetailMenu.swift in Sources */ = {isa = PBXBuildFile; fileRef = D1677B372691F25100D9E454 /* StoreDetailMenu.swift */; };
		D1677B3A2691F6FC00D9E454 /* Binding+Extension.swift in Sources */ = {isa = PBXBuildFile; fileRef = D1677B392691F6FC00D9E454 /* Binding+Extension.swift */; };
		D16D1C3F2691C83700C9C1F2 /* QuickNewStore.swift in Sources */ = {isa = PBXBuildFile; fileRef = D16D1C3E2691C83700C9C1F2 /* QuickNewStore.swift */; };
		D195C04126A5DB3F0055BD3B /* CategoryStoreList.swift in Sources */ = {isa = PBXBuildFile; fileRef = D195C04026A5DB3F0055BD3B /* CategoryStoreList.swift */; };
		D1BDFF742688BFF4001F9398 /* osakeApp.swift in Sources */ = {isa = PBXBuildFile; fileRef = D1BDFF732688BFF4001F9398 /* osakeApp.swift */; };
		D1BDFF762688BFF4001F9398 /* ContentView.swift in Sources */ = {isa = PBXBuildFile; fileRef = D1BDFF752688BFF4001F9398 /* ContentView.swift */; };
		D1BDFF782688BFF4001F9398 /* Assets.xcassets in Resources */ = {isa = PBXBuildFile; fileRef = D1BDFF772688BFF4001F9398 /* Assets.xcassets */; };
		D1BDFF7B2688BFF4001F9398 /* Preview Assets.xcassets in Resources */ = {isa = PBXBuildFile; fileRef = D1BDFF7A2688BFF4001F9398 /* Preview Assets.xcassets */; };
		D1BDFF7D2688BFF4001F9398 /* Persistence.swift in Sources */ = {isa = PBXBuildFile; fileRef = D1BDFF7C2688BFF4001F9398 /* Persistence.swift */; };
		D1BDFF802688BFF4001F9398 /* osake.xcdatamodeld in Sources */ = {isa = PBXBuildFile; fileRef = D1BDFF7E2688BFF4001F9398 /* osake.xcdatamodeld */; };
		D1BDFF8B2688BFF4001F9398 /* osakeTests.swift in Sources */ = {isa = PBXBuildFile; fileRef = D1BDFF8A2688BFF4001F9398 /* osakeTests.swift */; };
		D1BDFF962688BFF4001F9398 /* osakeUITests.swift in Sources */ = {isa = PBXBuildFile; fileRef = D1BDFF952688BFF4001F9398 /* osakeUITests.swift */; };
		D1BDFFAC2689F6CD001F9398 /* Category+Extension.swift in Sources */ = {isa = PBXBuildFile; fileRef = D1BDFFAB2689F6CD001F9398 /* Category+Extension.swift */; };
		D1BDFFAE268A0F73001F9398 /* CategorySelect.swift in Sources */ = {isa = PBXBuildFile; fileRef = D1BDFFAD268A0F73001F9398 /* CategorySelect.swift */; };
		D1BDFFB0268A1A94001F9398 /* Osake+Extension.swift in Sources */ = {isa = PBXBuildFile; fileRef = D1BDFFAF268A1A94001F9398 /* Osake+Extension.swift */; };
		D1D5AFA5268CA13E005872F6 /* addCategoryList.swift in Sources */ = {isa = PBXBuildFile; fileRef = D1D5AFA4268CA13E005872F6 /* addCategoryList.swift */; };
		D1E37058268E030600543507 /* Store+Extension.swift in Sources */ = {isa = PBXBuildFile; fileRef = D1E37057268E030600543507 /* Store+Extension.swift */; };
		D1E3705A268E069A00543507 /* StoreSelect.swift in Sources */ = {isa = PBXBuildFile; fileRef = D1E37059268E069A00543507 /* StoreSelect.swift */; };
		D1F9920B2693575300B27784 /* StarSlider.swift in Sources */ = {isa = PBXBuildFile; fileRef = D1F9920A2693575300B27784 /* StarSlider.swift */; };
/* End PBXBuildFile section */

/* Begin PBXContainerItemProxy section */
		D1BDFF872688BFF4001F9398 /* PBXContainerItemProxy */ = {
			isa = PBXContainerItemProxy;
			containerPortal = D1BDFF682688BFF4001F9398 /* Project object */;
			proxyType = 1;
			remoteGlobalIDString = D1BDFF6F2688BFF4001F9398;
			remoteInfo = osake;
		};
		D1BDFF922688BFF4001F9398 /* PBXContainerItemProxy */ = {
			isa = PBXContainerItemProxy;
			containerPortal = D1BDFF682688BFF4001F9398 /* Project object */;
			proxyType = 1;
			remoteGlobalIDString = D1BDFF6F2688BFF4001F9398;
			remoteInfo = osake;
		};
/* End PBXContainerItemProxy section */

/* Begin PBXFileReference section */
		D13FB039269AED8F007FF978 /* MapView.swift */ = {isa = PBXFileReference; lastKnownFileType = sourcecode.swift; path = MapView.swift; sourceTree = "<group>"; };
		D13FB03D269B3B6B007FF978 /* LocationViewModel.swift */ = {isa = PBXFileReference; lastKnownFileType = sourcecode.swift; path = LocationViewModel.swift; sourceTree = "<group>"; };
		D1677B312691D12D00D9E454 /* KeyboardObserver.swift */ = {isa = PBXFileReference; lastKnownFileType = sourcecode.swift; path = KeyboardObserver.swift; sourceTree = "<group>"; };
		D1677B332691F1FD00D9E454 /* StoreDetail.swift */ = {isa = PBXFileReference; lastKnownFileType = sourcecode.swift; path = StoreDetail.swift; sourceTree = "<group>"; };
		D1677B352691F24000D9E454 /* StoreDetailContent.swift */ = {isa = PBXFileReference; lastKnownFileType = sourcecode.swift; path = StoreDetailContent.swift; sourceTree = "<group>"; };
		D1677B372691F25100D9E454 /* StoreDetailMenu.swift */ = {isa = PBXFileReference; lastKnownFileType = sourcecode.swift; path = StoreDetailMenu.swift; sourceTree = "<group>"; };
		D1677B392691F6FC00D9E454 /* Binding+Extension.swift */ = {isa = PBXFileReference; lastKnownFileType = sourcecode.swift; path = "Binding+Extension.swift"; sourceTree = "<group>"; };
		D16D1C3E2691C83700C9C1F2 /* QuickNewStore.swift */ = {isa = PBXFileReference; lastKnownFileType = sourcecode.swift; path = QuickNewStore.swift; sourceTree = "<group>"; };
		D195C04026A5DB3F0055BD3B /* CategoryStoreList.swift */ = {isa = PBXFileReference; lastKnownFileType = sourcecode.swift; path = CategoryStoreList.swift; sourceTree = "<group>"; };
		D1BDFF702688BFF4001F9398 /* osake.app */ = {isa = PBXFileReference; explicitFileType = wrapper.application; includeInIndex = 0; path = osake.app; sourceTree = BUILT_PRODUCTS_DIR; };
		D1BDFF732688BFF4001F9398 /* osakeApp.swift */ = {isa = PBXFileReference; lastKnownFileType = sourcecode.swift; path = osakeApp.swift; sourceTree = "<group>"; };
		D1BDFF752688BFF4001F9398 /* ContentView.swift */ = {isa = PBXFileReference; lastKnownFileType = sourcecode.swift; path = ContentView.swift; sourceTree = "<group>"; };
		D1BDFF772688BFF4001F9398 /* Assets.xcassets */ = {isa = PBXFileReference; lastKnownFileType = folder.assetcatalog; path = Assets.xcassets; sourceTree = "<group>"; };
		D1BDFF7A2688BFF4001F9398 /* Preview Assets.xcassets */ = {isa = PBXFileReference; lastKnownFileType = folder.assetcatalog; path = "Preview Assets.xcassets"; sourceTree = "<group>"; };
		D1BDFF7C2688BFF4001F9398 /* Persistence.swift */ = {isa = PBXFileReference; lastKnownFileType = sourcecode.swift; path = Persistence.swift; sourceTree = "<group>"; };
		D1BDFF7F2688BFF4001F9398 /* osake.xcdatamodel */ = {isa = PBXFileReference; lastKnownFileType = wrapper.xcdatamodel; path = osake.xcdatamodel; sourceTree = "<group>"; };
		D1BDFF812688BFF4001F9398 /* Info.plist */ = {isa = PBXFileReference; lastKnownFileType = text.plist.xml; path = Info.plist; sourceTree = "<group>"; };
		D1BDFF862688BFF4001F9398 /* osakeTests.xctest */ = {isa = PBXFileReference; explicitFileType = wrapper.cfbundle; includeInIndex = 0; path = osakeTests.xctest; sourceTree = BUILT_PRODUCTS_DIR; };
		D1BDFF8A2688BFF4001F9398 /* osakeTests.swift */ = {isa = PBXFileReference; lastKnownFileType = sourcecode.swift; path = osakeTests.swift; sourceTree = "<group>"; };
		D1BDFF8C2688BFF4001F9398 /* Info.plist */ = {isa = PBXFileReference; lastKnownFileType = text.plist.xml; path = Info.plist; sourceTree = "<group>"; };
		D1BDFF912688BFF4001F9398 /* osakeUITests.xctest */ = {isa = PBXFileReference; explicitFileType = wrapper.cfbundle; includeInIndex = 0; path = osakeUITests.xctest; sourceTree = BUILT_PRODUCTS_DIR; };
		D1BDFF952688BFF4001F9398 /* osakeUITests.swift */ = {isa = PBXFileReference; lastKnownFileType = sourcecode.swift; path = osakeUITests.swift; sourceTree = "<group>"; };
		D1BDFF972688BFF4001F9398 /* Info.plist */ = {isa = PBXFileReference; lastKnownFileType = text.plist.xml; path = Info.plist; sourceTree = "<group>"; };
		D1BDFFAB2689F6CD001F9398 /* Category+Extension.swift */ = {isa = PBXFileReference; lastKnownFileType = sourcecode.swift; path = "Category+Extension.swift"; sourceTree = "<group>"; };
		D1BDFFAD268A0F73001F9398 /* CategorySelect.swift */ = {isa = PBXFileReference; lastKnownFileType = sourcecode.swift; path = CategorySelect.swift; sourceTree = "<group>"; };
		D1BDFFAF268A1A94001F9398 /* Osake+Extension.swift */ = {isa = PBXFileReference; lastKnownFileType = sourcecode.swift; path = "Osake+Extension.swift"; sourceTree = "<group>"; };
		D1D5AFA4268CA13E005872F6 /* addCategoryList.swift */ = {isa = PBXFileReference; lastKnownFileType = sourcecode.swift; path = addCategoryList.swift; sourceTree = "<group>"; };
		D1E37057268E030600543507 /* Store+Extension.swift */ = {isa = PBXFileReference; lastKnownFileType = sourcecode.swift; path = "Store+Extension.swift"; sourceTree = "<group>"; };
		D1E37059268E069A00543507 /* StoreSelect.swift */ = {isa = PBXFileReference; lastKnownFileType = sourcecode.swift; path = StoreSelect.swift; sourceTree = "<group>"; };
		D1F9920A2693575300B27784 /* StarSlider.swift */ = {isa = PBXFileReference; lastKnownFileType = sourcecode.swift; path = StarSlider.swift; sourceTree = "<group>"; };
/* End PBXFileReference section */

/* Begin PBXFrameworksBuildPhase section */
		D1BDFF6D2688BFF4001F9398 /* Frameworks */ = {
			isa = PBXFrameworksBuildPhase;
			buildActionMask = 2147483647;
			files = (
			);
			runOnlyForDeploymentPostprocessing = 0;
		};
		D1BDFF832688BFF4001F9398 /* Frameworks */ = {
			isa = PBXFrameworksBuildPhase;
			buildActionMask = 2147483647;
			files = (
			);
			runOnlyForDeploymentPostprocessing = 0;
		};
		D1BDFF8E2688BFF4001F9398 /* Frameworks */ = {
			isa = PBXFrameworksBuildPhase;
			buildActionMask = 2147483647;
			files = (
			);
			runOnlyForDeploymentPostprocessing = 0;
		};
/* End PBXFrameworksBuildPhase section */

/* Begin PBXGroup section */
		D1BDFF672688BFF4001F9398 = {
			isa = PBXGroup;
			children = (
				D1BDFF722688BFF4001F9398 /* osake */,
				D1BDFF892688BFF4001F9398 /* osakeTests */,
				D1BDFF942688BFF4001F9398 /* osakeUITests */,
				D1BDFF712688BFF4001F9398 /* Products */,
			);
			sourceTree = "<group>";
		};
		D1BDFF712688BFF4001F9398 /* Products */ = {
			isa = PBXGroup;
			children = (
				D1BDFF702688BFF4001F9398 /* osake.app */,
				D1BDFF862688BFF4001F9398 /* osakeTests.xctest */,
				D1BDFF912688BFF4001F9398 /* osakeUITests.xctest */,
			);
			name = Products;
			sourceTree = "<group>";
		};
		D1BDFF722688BFF4001F9398 /* osake */ = {
			isa = PBXGroup;
			children = (
				D1BDFF732688BFF4001F9398 /* osakeApp.swift */,
				D1BDFF752688BFF4001F9398 /* ContentView.swift */,
				D1677B312691D12D00D9E454 /* KeyboardObserver.swift */,
				D1BDFFA32688C084001F9398 /* Model */,
				D1BDFFA52688C0A3001F9398 /* View */,
				D1BDFFA62688C0AB001F9398 /* ViewModel */,
				D1BDFF772688BFF4001F9398 /* Assets.xcassets */,
				D1BDFF7C2688BFF4001F9398 /* Persistence.swift */,
				D1BDFF812688BFF4001F9398 /* Info.plist */,
				D1BDFF7E2688BFF4001F9398 /* osake.xcdatamodeld */,
				D1BDFF792688BFF4001F9398 /* Preview Content */,
			);
			path = osake;
			sourceTree = "<group>";
		};
		D1BDFF792688BFF4001F9398 /* Preview Content */ = {
			isa = PBXGroup;
			children = (
				D1BDFF7A2688BFF4001F9398 /* Preview Assets.xcassets */,
			);
			path = "Preview Content";
			sourceTree = "<group>";
		};
		D1BDFF892688BFF4001F9398 /* osakeTests */ = {
			isa = PBXGroup;
			children = (
				D1BDFF8A2688BFF4001F9398 /* osakeTests.swift */,
				D1BDFF8C2688BFF4001F9398 /* Info.plist */,
			);
			path = osakeTests;
			sourceTree = "<group>";
		};
		D1BDFF942688BFF4001F9398 /* osakeUITests */ = {
			isa = PBXGroup;
			children = (
				D1BDFF952688BFF4001F9398 /* osakeUITests.swift */,
				D1BDFF972688BFF4001F9398 /* Info.plist */,
			);
			path = osakeUITests;
			sourceTree = "<group>";
		};
		D1BDFFA32688C084001F9398 /* Model */ = {
			isa = PBXGroup;
			children = (
				D1BDFFAB2689F6CD001F9398 /* Category+Extension.swift */,
				D1BDFFAF268A1A94001F9398 /* Osake+Extension.swift */,
				D1E37057268E030600543507 /* Store+Extension.swift */,
				D1677B392691F6FC00D9E454 /* Binding+Extension.swift */,
			);
			path = Model;
			sourceTree = "<group>";
		};
		D1BDFFA52688C0A3001F9398 /* View */ = {
			isa = PBXGroup;
			children = (
				D1BDFFAD268A0F73001F9398 /* CategorySelect.swift */,
				D1D5AFA4268CA13E005872F6 /* addCategoryList.swift */,
				D16D1C3E2691C83700C9C1F2 /* QuickNewStore.swift */,
				D1E37059268E069A00543507 /* StoreSelect.swift */,
				D1677B332691F1FD00D9E454 /* StoreDetail.swift */,
				D1677B352691F24000D9E454 /* StoreDetailContent.swift */,
				D13FB039269AED8F007FF978 /* MapView.swift */,
				D1F9920A2693575300B27784 /* StarSlider.swift */,
				D1677B372691F25100D9E454 /* StoreDetailMenu.swift */,
				D195C04026A5DB3F0055BD3B /* CategoryStoreList.swift */,
			);
			path = View;
			sourceTree = "<group>";
		};
		D1BDFFA62688C0AB001F9398 /* ViewModel */ = {
			isa = PBXGroup;
			children = (
				D13FB03D269B3B6B007FF978 /* LocationViewModel.swift */,
			);
			path = ViewModel;
			sourceTree = "<group>";
		};
/* End PBXGroup section */

/* Begin PBXNativeTarget section */
		D1BDFF6F2688BFF4001F9398 /* osake */ = {
			isa = PBXNativeTarget;
			buildConfigurationList = D1BDFF9A2688BFF4001F9398 /* Build configuration list for PBXNativeTarget "osake" */;
			buildPhases = (
				D1BDFF6C2688BFF4001F9398 /* Sources */,
				D1BDFF6D2688BFF4001F9398 /* Frameworks */,
				D1BDFF6E2688BFF4001F9398 /* Resources */,
			);
			buildRules = (
			);
			dependencies = (
			);
			name = osake;
			productName = osake;
			productReference = D1BDFF702688BFF4001F9398 /* osake.app */;
			productType = "com.apple.product-type.application";
		};
		D1BDFF852688BFF4001F9398 /* osakeTests */ = {
			isa = PBXNativeTarget;
			buildConfigurationList = D1BDFF9D2688BFF4001F9398 /* Build configuration list for PBXNativeTarget "osakeTests" */;
			buildPhases = (
				D1BDFF822688BFF4001F9398 /* Sources */,
				D1BDFF832688BFF4001F9398 /* Frameworks */,
				D1BDFF842688BFF4001F9398 /* Resources */,
			);
			buildRules = (
			);
			dependencies = (
				D1BDFF882688BFF4001F9398 /* PBXTargetDependency */,
			);
			name = osakeTests;
			productName = osakeTests;
			productReference = D1BDFF862688BFF4001F9398 /* osakeTests.xctest */;
			productType = "com.apple.product-type.bundle.unit-test";
		};
		D1BDFF902688BFF4001F9398 /* osakeUITests */ = {
			isa = PBXNativeTarget;
			buildConfigurationList = D1BDFFA02688BFF4001F9398 /* Build configuration list for PBXNativeTarget "osakeUITests" */;
			buildPhases = (
				D1BDFF8D2688BFF4001F9398 /* Sources */,
				D1BDFF8E2688BFF4001F9398 /* Frameworks */,
				D1BDFF8F2688BFF4001F9398 /* Resources */,
			);
			buildRules = (
			);
			dependencies = (
				D1BDFF932688BFF4001F9398 /* PBXTargetDependency */,
			);
			name = osakeUITests;
			productName = osakeUITests;
			productReference = D1BDFF912688BFF4001F9398 /* osakeUITests.xctest */;
			productType = "com.apple.product-type.bundle.ui-testing";
		};
/* End PBXNativeTarget section */

/* Begin PBXProject section */
		D1BDFF682688BFF4001F9398 /* Project object */ = {
			isa = PBXProject;
			attributes = {
				LastSwiftUpdateCheck = 1250;
				LastUpgradeCheck = 1250;
				TargetAttributes = {
					D1BDFF6F2688BFF4001F9398 = {
						CreatedOnToolsVersion = 12.5.1;
					};
					D1BDFF852688BFF4001F9398 = {
						CreatedOnToolsVersion = 12.5.1;
						TestTargetID = D1BDFF6F2688BFF4001F9398;
					};
					D1BDFF902688BFF4001F9398 = {
						CreatedOnToolsVersion = 12.5.1;
						TestTargetID = D1BDFF6F2688BFF4001F9398;
					};
				};
			};
			buildConfigurationList = D1BDFF6B2688BFF4001F9398 /* Build configuration list for PBXProject "osake" */;
			compatibilityVersion = "Xcode 9.3";
			developmentRegion = en;
			hasScannedForEncodings = 0;
			knownRegions = (
				en,
				Base,
				ja,
			);
			mainGroup = D1BDFF672688BFF4001F9398;
			productRefGroup = D1BDFF712688BFF4001F9398 /* Products */;
			projectDirPath = "";
			projectRoot = "";
			targets = (
				D1BDFF6F2688BFF4001F9398 /* osake */,
				D1BDFF852688BFF4001F9398 /* osakeTests */,
				D1BDFF902688BFF4001F9398 /* osakeUITests */,
			);
		};
/* End PBXProject section */

/* Begin PBXResourcesBuildPhase section */
		D1BDFF6E2688BFF4001F9398 /* Resources */ = {
			isa = PBXResourcesBuildPhase;
			buildActionMask = 2147483647;
			files = (
				D1BDFF7B2688BFF4001F9398 /* Preview Assets.xcassets in Resources */,
				D1BDFF782688BFF4001F9398 /* Assets.xcassets in Resources */,
			);
			runOnlyForDeploymentPostprocessing = 0;
		};
		D1BDFF842688BFF4001F9398 /* Resources */ = {
			isa = PBXResourcesBuildPhase;
			buildActionMask = 2147483647;
			files = (
			);
			runOnlyForDeploymentPostprocessing = 0;
		};
		D1BDFF8F2688BFF4001F9398 /* Resources */ = {
			isa = PBXResourcesBuildPhase;
			buildActionMask = 2147483647;
			files = (
			);
			runOnlyForDeploymentPostprocessing = 0;
		};
/* End PBXResourcesBuildPhase section */

/* Begin PBXSourcesBuildPhase section */
		D1BDFF6C2688BFF4001F9398 /* Sources */ = {
			isa = PBXSourcesBuildPhase;
			buildActionMask = 2147483647;
			files = (
				D1BDFFAC2689F6CD001F9398 /* Category+Extension.swift in Sources */,
				D1E37058268E030600543507 /* Store+Extension.swift in Sources */,
				D1677B382691F25100D9E454 /* StoreDetailMenu.swift in Sources */,
				D13FB03E269B3B6B007FF978 /* LocationViewModel.swift in Sources */,
				D1BDFF7D2688BFF4001F9398 /* Persistence.swift in Sources */,
				D1BDFF802688BFF4001F9398 /* osake.xcdatamodeld in Sources */,
				D1677B3A2691F6FC00D9E454 /* Binding+Extension.swift in Sources */,
				D1D5AFA5268CA13E005872F6 /* addCategoryList.swift in Sources */,
				D13FB03A269AED8F007FF978 /* MapView.swift in Sources */,
				D1F9920B2693575300B27784 /* StarSlider.swift in Sources */,
				D1E3705A268E069A00543507 /* StoreSelect.swift in Sources */,
				D1BDFF762688BFF4001F9398 /* ContentView.swift in Sources */,
				D1677B342691F1FD00D9E454 /* StoreDetail.swift in Sources */,
				D1BDFF742688BFF4001F9398 /* osakeApp.swift in Sources */,
				D1BDFFB0268A1A94001F9398 /* Osake+Extension.swift in Sources */,
				D1677B362691F24000D9E454 /* StoreDetailContent.swift in Sources */,
				D16D1C3F2691C83700C9C1F2 /* QuickNewStore.swift in Sources */,
				D195C04126A5DB3F0055BD3B /* CategoryStoreList.swift in Sources */,
				D1677B322691D12D00D9E454 /* KeyboardObserver.swift in Sources */,
				D1BDFFAE268A0F73001F9398 /* CategorySelect.swift in Sources */,
			);
			runOnlyForDeploymentPostprocessing = 0;
		};
		D1BDFF822688BFF4001F9398 /* Sources */ = {
			isa = PBXSourcesBuildPhase;
			buildActionMask = 2147483647;
			files = (
				D1BDFF8B2688BFF4001F9398 /* osakeTests.swift in Sources */,
			);
			runOnlyForDeploymentPostprocessing = 0;
		};
		D1BDFF8D2688BFF4001F9398 /* Sources */ = {
			isa = PBXSourcesBuildPhase;
			buildActionMask = 2147483647;
			files = (
				D1BDFF962688BFF4001F9398 /* osakeUITests.swift in Sources */,
			);
			runOnlyForDeploymentPostprocessing = 0;
		};
/* End PBXSourcesBuildPhase section */

/* Begin PBXTargetDependency section */
		D1BDFF882688BFF4001F9398 /* PBXTargetDependency */ = {
			isa = PBXTargetDependency;
			target = D1BDFF6F2688BFF4001F9398 /* osake */;
			targetProxy = D1BDFF872688BFF4001F9398 /* PBXContainerItemProxy */;
		};
		D1BDFF932688BFF4001F9398 /* PBXTargetDependency */ = {
			isa = PBXTargetDependency;
			target = D1BDFF6F2688BFF4001F9398 /* osake */;
			targetProxy = D1BDFF922688BFF4001F9398 /* PBXContainerItemProxy */;
		};
/* End PBXTargetDependency section */

/* Begin XCBuildConfiguration section */
		D1BDFF982688BFF4001F9398 /* Debug */ = {
			isa = XCBuildConfiguration;
			buildSettings = {
				ALWAYS_SEARCH_USER_PATHS = NO;
				CLANG_ANALYZER_NONNULL = YES;
				CLANG_ANALYZER_NUMBER_OBJECT_CONVERSION = YES_AGGRESSIVE;
				CLANG_CXX_LANGUAGE_STANDARD = "gnu++14";
				CLANG_CXX_LIBRARY = "libc++";
				CLANG_ENABLE_MODULES = YES;
				CLANG_ENABLE_OBJC_ARC = YES;
				CLANG_ENABLE_OBJC_WEAK = YES;
				CLANG_WARN_BLOCK_CAPTURE_AUTORELEASING = YES;
				CLANG_WARN_BOOL_CONVERSION = YES;
				CLANG_WARN_COMMA = YES;
				CLANG_WARN_CONSTANT_CONVERSION = YES;
				CLANG_WARN_DEPRECATED_OBJC_IMPLEMENTATIONS = YES;
				CLANG_WARN_DIRECT_OBJC_ISA_USAGE = YES_ERROR;
				CLANG_WARN_DOCUMENTATION_COMMENTS = YES;
				CLANG_WARN_EMPTY_BODY = YES;
				CLANG_WARN_ENUM_CONVERSION = YES;
				CLANG_WARN_INFINITE_RECURSION = YES;
				CLANG_WARN_INT_CONVERSION = YES;
				CLANG_WARN_NON_LITERAL_NULL_CONVERSION = YES;
				CLANG_WARN_OBJC_IMPLICIT_RETAIN_SELF = YES;
				CLANG_WARN_OBJC_LITERAL_CONVERSION = YES;
				CLANG_WARN_OBJC_ROOT_CLASS = YES_ERROR;
				CLANG_WARN_QUOTED_INCLUDE_IN_FRAMEWORK_HEADER = YES;
				CLANG_WARN_RANGE_LOOP_ANALYSIS = YES;
				CLANG_WARN_STRICT_PROTOTYPES = YES;
				CLANG_WARN_SUSPICIOUS_MOVE = YES;
				CLANG_WARN_UNGUARDED_AVAILABILITY = YES_AGGRESSIVE;
				CLANG_WARN_UNREACHABLE_CODE = YES;
				CLANG_WARN__DUPLICATE_METHOD_MATCH = YES;
				COPY_PHASE_STRIP = NO;
				DEBUG_INFORMATION_FORMAT = dwarf;
				ENABLE_STRICT_OBJC_MSGSEND = YES;
				ENABLE_TESTABILITY = YES;
				GCC_C_LANGUAGE_STANDARD = gnu11;
				GCC_DYNAMIC_NO_PIC = NO;
				GCC_NO_COMMON_BLOCKS = YES;
				GCC_OPTIMIZATION_LEVEL = 0;
				GCC_PREPROCESSOR_DEFINITIONS = (
					"DEBUG=1",
					"$(inherited)",
				);
				GCC_WARN_64_TO_32_BIT_CONVERSION = YES;
				GCC_WARN_ABOUT_RETURN_TYPE = YES_ERROR;
				GCC_WARN_UNDECLARED_SELECTOR = YES;
				GCC_WARN_UNINITIALIZED_AUTOS = YES_AGGRESSIVE;
				GCC_WARN_UNUSED_FUNCTION = YES;
				GCC_WARN_UNUSED_VARIABLE = YES;
				IPHONEOS_DEPLOYMENT_TARGET = 14.5;
				MTL_ENABLE_DEBUG_INFO = INCLUDE_SOURCE;
				MTL_FAST_MATH = YES;
				ONLY_ACTIVE_ARCH = YES;
				SDKROOT = iphoneos;
				SWIFT_ACTIVE_COMPILATION_CONDITIONS = DEBUG;
				SWIFT_OPTIMIZATION_LEVEL = "-Onone";
			};
			name = Debug;
		};
		D1BDFF992688BFF4001F9398 /* Release */ = {
			isa = XCBuildConfiguration;
			buildSettings = {
				ALWAYS_SEARCH_USER_PATHS = NO;
				CLANG_ANALYZER_NONNULL = YES;
				CLANG_ANALYZER_NUMBER_OBJECT_CONVERSION = YES_AGGRESSIVE;
				CLANG_CXX_LANGUAGE_STANDARD = "gnu++14";
				CLANG_CXX_LIBRARY = "libc++";
				CLANG_ENABLE_MODULES = YES;
				CLANG_ENABLE_OBJC_ARC = YES;
				CLANG_ENABLE_OBJC_WEAK = YES;
				CLANG_WARN_BLOCK_CAPTURE_AUTORELEASING = YES;
				CLANG_WARN_BOOL_CONVERSION = YES;
				CLANG_WARN_COMMA = YES;
				CLANG_WARN_CONSTANT_CONVERSION = YES;
				CLANG_WARN_DEPRECATED_OBJC_IMPLEMENTATIONS = YES;
				CLANG_WARN_DIRECT_OBJC_ISA_USAGE = YES_ERROR;
				CLANG_WARN_DOCUMENTATION_COMMENTS = YES;
				CLANG_WARN_EMPTY_BODY = YES;
				CLANG_WARN_ENUM_CONVERSION = YES;
				CLANG_WARN_INFINITE_RECURSION = YES;
				CLANG_WARN_INT_CONVERSION = YES;
				CLANG_WARN_NON_LITERAL_NULL_CONVERSION = YES;
				CLANG_WARN_OBJC_IMPLICIT_RETAIN_SELF = YES;
				CLANG_WARN_OBJC_LITERAL_CONVERSION = YES;
				CLANG_WARN_OBJC_ROOT_CLASS = YES_ERROR;
				CLANG_WARN_QUOTED_INCLUDE_IN_FRAMEWORK_HEADER = YES;
				CLANG_WARN_RANGE_LOOP_ANALYSIS = YES;
				CLANG_WARN_STRICT_PROTOTYPES = YES;
				CLANG_WARN_SUSPICIOUS_MOVE = YES;
				CLANG_WARN_UNGUARDED_AVAILABILITY = YES_AGGRESSIVE;
				CLANG_WARN_UNREACHABLE_CODE = YES;
				CLANG_WARN__DUPLICATE_METHOD_MATCH = YES;
				COPY_PHASE_STRIP = NO;
				DEBUG_INFORMATION_FORMAT = "dwarf-with-dsym";
				ENABLE_NS_ASSERTIONS = NO;
				ENABLE_STRICT_OBJC_MSGSEND = YES;
				GCC_C_LANGUAGE_STANDARD = gnu11;
				GCC_NO_COMMON_BLOCKS = YES;
				GCC_WARN_64_TO_32_BIT_CONVERSION = YES;
				GCC_WARN_ABOUT_RETURN_TYPE = YES_ERROR;
				GCC_WARN_UNDECLARED_SELECTOR = YES;
				GCC_WARN_UNINITIALIZED_AUTOS = YES_AGGRESSIVE;
				GCC_WARN_UNUSED_FUNCTION = YES;
				GCC_WARN_UNUSED_VARIABLE = YES;
				IPHONEOS_DEPLOYMENT_TARGET = 14.5;
				MTL_ENABLE_DEBUG_INFO = NO;
				MTL_FAST_MATH = YES;
				SDKROOT = iphoneos;
				SWIFT_COMPILATION_MODE = wholemodule;
				SWIFT_OPTIMIZATION_LEVEL = "-O";
				VALIDATE_PRODUCT = YES;
			};
			name = Release;
		};
		D1BDFF9B2688BFF4001F9398 /* Debug */ = {
			isa = XCBuildConfiguration;
			buildSettings = {
				ASSETCATALOG_COMPILER_APPICON_NAME = AppIcon;
				ASSETCATALOG_COMPILER_GLOBAL_ACCENT_COLOR_NAME = AccentColor;
				CODE_SIGN_STYLE = Automatic;
				DEVELOPMENT_ASSET_PATHS = "\"osake/Preview Content\"";
				DEVELOPMENT_TEAM = WZ734662GP;
				ENABLE_PREVIEWS = YES;
				INFOPLIST_FILE = osake/Info.plist;
				IPHONEOS_DEPLOYMENT_TARGET = 14.0;
				LD_RUNPATH_SEARCH_PATHS = (
					"$(inherited)",
					"@executable_path/Frameworks",
				);
				PRODUCT_BUNDLE_IDENTIFIER = com.yutotakahashi.osake;
				PRODUCT_NAME = "$(TARGET_NAME)";
				SWIFT_VERSION = 5.0;
				TARGETED_DEVICE_FAMILY = "1,2";
			};
			name = Debug;
		};
		D1BDFF9C2688BFF4001F9398 /* Release */ = {
			isa = XCBuildConfiguration;
			buildSettings = {
				ASSETCATALOG_COMPILER_APPICON_NAME = AppIcon;
				ASSETCATALOG_COMPILER_GLOBAL_ACCENT_COLOR_NAME = AccentColor;
				CODE_SIGN_STYLE = Automatic;
				DEVELOPMENT_ASSET_PATHS = "\"osake/Preview Content\"";
				DEVELOPMENT_TEAM = WZ734662GP;
				ENABLE_PREVIEWS = YES;
				INFOPLIST_FILE = osake/Info.plist;
				IPHONEOS_DEPLOYMENT_TARGET = 14.0;
				LD_RUNPATH_SEARCH_PATHS = (
					"$(inherited)",
					"@executable_path/Frameworks",
				);
				PRODUCT_BUNDLE_IDENTIFIER = com.yutotakahashi.osake;
				PRODUCT_NAME = "$(TARGET_NAME)";
				SWIFT_VERSION = 5.0;
				TARGETED_DEVICE_FAMILY = "1,2";
			};
			name = Release;
		};
		D1BDFF9E2688BFF4001F9398 /* Debug */ = {
			isa = XCBuildConfiguration;
			buildSettings = {
				ALWAYS_EMBED_SWIFT_STANDARD_LIBRARIES = YES;
				BUNDLE_LOADER = "$(TEST_HOST)";
				CODE_SIGN_STYLE = Automatic;
				DEVELOPMENT_TEAM = WZ734662GP;
				INFOPLIST_FILE = osakeTests/Info.plist;
				IPHONEOS_DEPLOYMENT_TARGET = 14.0;
				LD_RUNPATH_SEARCH_PATHS = (
					"$(inherited)",
					"@executable_path/Frameworks",
					"@loader_path/Frameworks",
				);
				PRODUCT_BUNDLE_IDENTIFIER = com.yutotakahashi.osakeTests;
				PRODUCT_NAME = "$(TARGET_NAME)";
				SWIFT_VERSION = 5.0;
				TARGETED_DEVICE_FAMILY = "1,2";
				TEST_HOST = "$(BUILT_PRODUCTS_DIR)/osake.app/osake";
			};
			name = Debug;
		};
		D1BDFF9F2688BFF4001F9398 /* Release */ = {
			isa = XCBuildConfiguration;
			buildSettings = {
				ALWAYS_EMBED_SWIFT_STANDARD_LIBRARIES = YES;
				BUNDLE_LOADER = "$(TEST_HOST)";
				CODE_SIGN_STYLE = Automatic;
				DEVELOPMENT_TEAM = WZ734662GP;
				INFOPLIST_FILE = osakeTests/Info.plist;
				IPHONEOS_DEPLOYMENT_TARGET = 14.0;
				LD_RUNPATH_SEARCH_PATHS = (
					"$(inherited)",
					"@executable_path/Frameworks",
					"@loader_path/Frameworks",
				);
				PRODUCT_BUNDLE_IDENTIFIER = com.yutotakahashi.osakeTests;
				PRODUCT_NAME = "$(TARGET_NAME)";
				SWIFT_VERSION = 5.0;
				TARGETED_DEVICE_FAMILY = "1,2";
				TEST_HOST = "$(BUILT_PRODUCTS_DIR)/osake.app/osake";
			};
			name = Release;
		};
		D1BDFFA12688BFF4001F9398 /* Debug */ = {
			isa = XCBuildConfiguration;
			buildSettings = {
				ALWAYS_EMBED_SWIFT_STANDARD_LIBRARIES = YES;
				CODE_SIGN_STYLE = Automatic;
				DEVELOPMENT_TEAM = WZ734662GP;
				INFOPLIST_FILE = osakeUITests/Info.plist;
				LD_RUNPATH_SEARCH_PATHS = (
					"$(inherited)",
					"@executable_path/Frameworks",
					"@loader_path/Frameworks",
				);
				PRODUCT_BUNDLE_IDENTIFIER = com.yutotakahashi.osakeUITests;
				PRODUCT_NAME = "$(TARGET_NAME)";
				SWIFT_VERSION = 5.0;
				TARGETED_DEVICE_FAMILY = "1,2";
				TEST_TARGET_NAME = osake;
			};
			name = Debug;
		};
		D1BDFFA22688BFF4001F9398 /* Release */ = {
			isa = XCBuildConfiguration;
			buildSettings = {
				ALWAYS_EMBED_SWIFT_STANDARD_LIBRARIES = YES;
				CODE_SIGN_STYLE = Automatic;
				DEVELOPMENT_TEAM = WZ734662GP;
				INFOPLIST_FILE = osakeUITests/Info.plist;
				LD_RUNPATH_SEARCH_PATHS = (
					"$(inherited)",
					"@executable_path/Frameworks",
					"@loader_path/Frameworks",
				);
				PRODUCT_BUNDLE_IDENTIFIER = com.yutotakahashi.osakeUITests;
				PRODUCT_NAME = "$(TARGET_NAME)";
				SWIFT_VERSION = 5.0;
				TARGETED_DEVICE_FAMILY = "1,2";
				TEST_TARGET_NAME = osake;
			};
			name = Release;
		};
/* End XCBuildConfiguration section */

/* Begin XCConfigurationList section */
		D1BDFF6B2688BFF4001F9398 /* Build configuration list for PBXProject "osake" */ = {
			isa = XCConfigurationList;
			buildConfigurations = (
				D1BDFF982688BFF4001F9398 /* Debug */,
				D1BDFF992688BFF4001F9398 /* Release */,
			);
			defaultConfigurationIsVisible = 0;
			defaultConfigurationName = Release;
		};
		D1BDFF9A2688BFF4001F9398 /* Build configuration list for PBXNativeTarget "osake" */ = {
			isa = XCConfigurationList;
			buildConfigurations = (
				D1BDFF9B2688BFF4001F9398 /* Debug */,
				D1BDFF9C2688BFF4001F9398 /* Release */,
			);
			defaultConfigurationIsVisible = 0;
			defaultConfigurationName = Release;
		};
		D1BDFF9D2688BFF4001F9398 /* Build configuration list for PBXNativeTarget "osakeTests" */ = {
			isa = XCConfigurationList;
			buildConfigurations = (
				D1BDFF9E2688BFF4001F9398 /* Debug */,
				D1BDFF9F2688BFF4001F9398 /* Release */,
			);
			defaultConfigurationIsVisible = 0;
			defaultConfigurationName = Release;
		};
		D1BDFFA02688BFF4001F9398 /* Build configuration list for PBXNativeTarget "osakeUITests" */ = {
			isa = XCConfigurationList;
			buildConfigurations = (
				D1BDFFA12688BFF4001F9398 /* Debug */,
				D1BDFFA22688BFF4001F9398 /* Release */,
			);
			defaultConfigurationIsVisible = 0;
			defaultConfigurationName = Release;
		};
/* End XCConfigurationList section */

/* Begin XCVersionGroup section */
		D1BDFF7E2688BFF4001F9398 /* osake.xcdatamodeld */ = {
			isa = XCVersionGroup;
			children = (
				D1BDFF7F2688BFF4001F9398 /* osake.xcdatamodel */,
			);
			currentVersion = D1BDFF7F2688BFF4001F9398 /* osake.xcdatamodel */;
			path = osake.xcdatamodeld;
			sourceTree = "<group>";
			versionGroupType = wrapper.xcdatamodel;
		};
/* End XCVersionGroup section */
	};
	rootObject = D1BDFF682688BFF4001F9398 /* Project object */;
}
